{
  "name": "PhoneLocator",
  "version": "0.0.1",
  "lockfileVersion": 1,
  "requires": true,
  "dependencies": {
    "@mapbox/react-native-mapbox-gl": {
      "version": "6.1.2",
      "resolved": "https://registry.npmjs.org/@mapbox/react-native-mapbox-gl/-/react-native-mapbox-gl-6.1.2.tgz",
      "integrity": "sha512-ACKC2a3lT7keMrVzEHxfMmotu5FVa28s2KcRmrp3jeWGTuI5dElMdKmdaEsxz2J/4oDDAa/6uSbFk3FOE4cyUw==",
      "requires": {
        "@turf/helpers": "4.6.0",
        "underscore": "1.9.1"
      }
    },
    "@turf/helpers": {
      "version": "4.6.0",
      "resolved": "https://registry.npmjs.org/@turf/helpers/-/helpers-4.6.0.tgz",
      "integrity": "sha1-EjmHM7iuKEIN9hZvpEx+6P/WQUw="
    },
    "underscore": {
      "version": "1.9.1",
      "resolved": "https://registry.npmjs.org/underscore/-/underscore-1.9.1.tgz",
      "integrity": "sha512-5/4etnCkd9c8gwgowi5/om/mYO5ajCaOgdzj/oW+0eQV9WxKBDZw5+ycmKmeaTXjInS/W0BzpGLo2xR2aBwZdg=="
    }
  }
}
